// !$*UTF8*$!
{
	archiveVersion = 1;
	classes = {
	};
	objectVersion = 46;
	objects = {

/* Begin PBXBuildFile section */
		30604B551ECC9A2D00978F0E /* AppDelegate.swift in Sources */ = {isa = PBXBuildFile; fileRef = 30604B541ECC9A2D00978F0E /* AppDelegate.swift */; };
		30604B5A1ECC9A2D00978F0E /* Main.storyboard in Resources */ = {isa = PBXBuildFile; fileRef = 30604B581ECC9A2D00978F0E /* Main.storyboard */; };
		30604B5C1ECC9A2D00978F0E /* Assets.xcassets in Resources */ = {isa = PBXBuildFile; fileRef = 30604B5B1ECC9A2D00978F0E /* Assets.xcassets */; };
		30604B5F1ECC9A2D00978F0E /* LaunchScreen.storyboard in Resources */ = {isa = PBXBuildFile; fileRef = 30604B5D1ECC9A2D00978F0E /* LaunchScreen.storyboard */; };
		30604B6A1ECC9A2D00978F0E /* PhotoramaTests.swift in Sources */ = {isa = PBXBuildFile; fileRef = 30604B691ECC9A2D00978F0E /* PhotoramaTests.swift */; };
		30604B751ECC9A2D00978F0E /* PhotoramaUITests.swift in Sources */ = {isa = PBXBuildFile; fileRef = 30604B741ECC9A2D00978F0E /* PhotoramaUITests.swift */; };
		30604B831ECC9A3F00978F0E /* PhotosViewController.swift in Sources */ = {isa = PBXBuildFile; fileRef = 30604B821ECC9A3F00978F0E /* PhotosViewController.swift */; };
		30604B851ECC9BF600978F0E /* FlickrAPI.swift in Sources */ = {isa = PBXBuildFile; fileRef = 30604B841ECC9BF600978F0E /* FlickrAPI.swift */; };
		30604B871ECCD8E600978F0E /* PhotoStore.swift in Sources */ = {isa = PBXBuildFile; fileRef = 30604B861ECCD8E600978F0E /* PhotoStore.swift */; };
		30604B891ECCDE2100978F0E /* Photo.swift in Sources */ = {isa = PBXBuildFile; fileRef = 30604B881ECCDE2100978F0E /* Photo.swift */; };
/* End PBXBuildFile section */

/* Begin PBXContainerItemProxy section */
		30604B661ECC9A2D00978F0E /* PBXContainerItemProxy */ = {
			isa = PBXContainerItemProxy;
			containerPortal = 30604B491ECC9A2D00978F0E /* Project object */;
			proxyType = 1;
			remoteGlobalIDString = 30604B501ECC9A2D00978F0E;
			remoteInfo = Photorama;
		};
		30604B711ECC9A2D00978F0E /* PBXContainerItemProxy */ = {
			isa = PBXContainerItemProxy;
			containerPortal = 30604B491ECC9A2D00978F0E /* Project object */;
			proxyType = 1;
			remoteGlobalIDString = 30604B501ECC9A2D00978F0E;
			remoteInfo = Photorama;
		};
/* End PBXContainerItemProxy section */

/* Begin PBXFileReference section */
		30604B511ECC9A2D00978F0E /* Photorama.app */ = {isa = PBXFileReference; explicitFileType = wrapper.application; includeInIndex = 0; path = Photorama.app; sourceTree = BUILT_PRODUCTS_DIR; };
		30604B541ECC9A2D00978F0E /* AppDelegate.swift */ = {isa = PBXFileReference; lastKnownFileType = sourcecode.swift; path = AppDelegate.swift; sourceTree = "<group>"; };
		30604B591ECC9A2D00978F0E /* Base */ = {isa = PBXFileReference; lastKnownFileType = file.storyboard; name = Base; path = Base.lproj/Main.storyboard; sourceTree = "<group>"; };
		30604B5B1ECC9A2D00978F0E /* Assets.xcassets */ = {isa = PBXFileReference; lastKnownFileType = folder.assetcatalog; path = Assets.xcassets; sourceTree = "<group>"; };
		30604B5E1ECC9A2D00978F0E /* Base */ = {isa = PBXFileReference; lastKnownFileType = file.storyboard; name = Base; path = Base.lproj/LaunchScreen.storyboard; sourceTree = "<group>"; };
		30604B601ECC9A2D00978F0E /* Info.plist */ = {isa = PBXFileReference; lastKnownFileType = text.plist.xml; path = Info.plist; sourceTree = "<group>"; };
		30604B651ECC9A2D00978F0E /* PhotoramaTests.xctest */ = {isa = PBXFileReference; explicitFileType = wrapper.cfbundle; includeInIndex = 0; path = PhotoramaTests.xctest; sourceTree = BUILT_PRODUCTS_DIR; };
		30604B691ECC9A2D00978F0E /* PhotoramaTests.swift */ = {isa = PBXFileReference; lastKnownFileType = sourcecode.swift; path = PhotoramaTests.swift; sourceTree = "<group>"; };
		30604B6B1ECC9A2D00978F0E /* Info.plist */ = {isa = PBXFileReference; lastKnownFileType = text.plist.xml; path = Info.plist; sourceTree = "<group>"; };
		30604B701ECC9A2D00978F0E /* PhotoramaUITests.xctest */ = {isa = PBXFileReference; explicitFileType = wrapper.cfbundle; includeInIndex = 0; path = PhotoramaUITests.xctest; sourceTree = BUILT_PRODUCTS_DIR; };
		30604B741ECC9A2D00978F0E /* PhotoramaUITests.swift */ = {isa = PBXFileReference; lastKnownFileType = sourcecode.swift; path = PhotoramaUITests.swift; sourceTree = "<group>"; };
		30604B761ECC9A2D00978F0E /* Info.plist */ = {isa = PBXFileReference; lastKnownFileType = text.plist.xml; path = Info.plist; sourceTree = "<group>"; };
		30604B821ECC9A3F00978F0E /* PhotosViewController.swift */ = {isa = PBXFileReference; fileEncoding = 4; lastKnownFileType = sourcecode.swift; path = PhotosViewController.swift; sourceTree = "<group>"; };
		30604B841ECC9BF600978F0E /* FlickrAPI.swift */ = {isa = PBXFileReference; fileEncoding = 4; lastKnownFileType = sourcecode.swift; path = FlickrAPI.swift; sourceTree = "<group>"; };
		30604B861ECCD8E600978F0E /* PhotoStore.swift */ = {isa = PBXFileReference; fileEncoding = 4; lastKnownFileType = sourcecode.swift; path = PhotoStore.swift; sourceTree = "<group>"; };
		30604B881ECCDE2100978F0E /* Photo.swift */ = {isa = PBXFileReference; fileEncoding = 4; lastKnownFileType = sourcecode.swift; path = Photo.swift; sourceTree = "<group>"; };
/* End PBXFileReference section */

/* Begin PBXFrameworksBuildPhase section */
		30604B4E1ECC9A2D00978F0E /* Frameworks */ = {
			isa = PBXFrameworksBuildPhase;
			buildActionMask = 2147483647;
			files = (
			);
			runOnlyForDeploymentPostprocessing = 0;
		};
		30604B621ECC9A2D00978F0E /* Frameworks */ = {
			isa = PBXFrameworksBuildPhase;
			buildActionMask = 2147483647;
			files = (
			);
			runOnlyForDeploymentPostprocessing = 0;
		};
		30604B6D1ECC9A2D00978F0E /* Frameworks */ = {
			isa = PBXFrameworksBuildPhase;
			buildActionMask = 2147483647;
			files = (
			);
			runOnlyForDeploymentPostprocessing = 0;
		};
/* End PBXFrameworksBuildPhase section */

/* Begin PBXGroup section */
		30604B481ECC9A2D00978F0E = {
			isa = PBXGroup;
			children = (
				30604B531ECC9A2D00978F0E /* Photorama */,
				30604B681ECC9A2D00978F0E /* PhotoramaTests */,
				30604B731ECC9A2D00978F0E /* PhotoramaUITests */,
				30604B521ECC9A2D00978F0E /* Products */,
			);
			sourceTree = "<group>";
		};
		30604B521ECC9A2D00978F0E /* Products */ = {
			isa = PBXGroup;
			children = (
				30604B511ECC9A2D00978F0E /* Photorama.app */,
				30604B651ECC9A2D00978F0E /* PhotoramaTests.xctest */,
				30604B701ECC9A2D00978F0E /* PhotoramaUITests.xctest */,
			);
			name = Products;
			sourceTree = "<group>";
		};
		30604B531ECC9A2D00978F0E /* Photorama */ = {
			isa = PBXGroup;
			children = (
				30604B541ECC9A2D00978F0E /* AppDelegate.swift */,
				30604B821ECC9A3F00978F0E /* PhotosViewController.swift */,
				30604B881ECCDE2100978F0E /* Photo.swift */,
				30604B841ECC9BF600978F0E /* FlickrAPI.swift */,
				30604B861ECCD8E600978F0E /* PhotoStore.swift */,
				30604B581ECC9A2D00978F0E /* Main.storyboard */,
				30604B5B1ECC9A2D00978F0E /* Assets.xcassets */,
				30604B5D1ECC9A2D00978F0E /* LaunchScreen.storyboard */,
				30604B601ECC9A2D00978F0E /* Info.plist */,
			);
			path = Photorama;
			sourceTree = "<group>";
		};
		30604B681ECC9A2D00978F0E /* PhotoramaTests */ = {
			isa = PBXGroup;
			children = (
				30604B691ECC9A2D00978F0E /* PhotoramaTests.swift */,
				30604B6B1ECC9A2D00978F0E /* Info.plist */,
			);
			path = PhotoramaTests;
			sourceTree = "<group>";
		};
		30604B731ECC9A2D00978F0E /* PhotoramaUITests */ = {
			isa = PBXGroup;
			children = (
				30604B741ECC9A2D00978F0E /* PhotoramaUITests.swift */,
				30604B761ECC9A2D00978F0E /* Info.plist */,
			);
			path = PhotoramaUITests;
			sourceTree = "<group>";
		};
/* End PBXGroup section */

/* Begin PBXNativeTarget section */
		30604B501ECC9A2D00978F0E /* Photorama */ = {
			isa = PBXNativeTarget;
			buildConfigurationList = 30604B791ECC9A2D00978F0E /* Build configuration list for PBXNativeTarget "Photorama" */;
			buildPhases = (
				30604B4D1ECC9A2D00978F0E /* Sources */,
				30604B4E1ECC9A2D00978F0E /* Frameworks */,
				30604B4F1ECC9A2D00978F0E /* Resources */,
			);
			buildRules = (
			);
			dependencies = (
			);
			name = Photorama;
			productName = Photorama;
			productReference = 30604B511ECC9A2D00978F0E /* Photorama.app */;
			productType = "com.apple.product-type.application";
		};
		30604B641ECC9A2D00978F0E /* PhotoramaTests */ = {
			isa = PBXNativeTarget;
			buildConfigurationList = 30604B7C1ECC9A2D00978F0E /* Build configuration list for PBXNativeTarget "PhotoramaTests" */;
			buildPhases = (
				30604B611ECC9A2D00978F0E /* Sources */,
				30604B621ECC9A2D00978F0E /* Frameworks */,
				30604B631ECC9A2D00978F0E /* Resources */,
			);
			buildRules = (
			);
			dependencies = (
				30604B671ECC9A2D00978F0E /* PBXTargetDependency */,
			);
			name = PhotoramaTests;
			productName = PhotoramaTests;
			productReference = 30604B651ECC9A2D00978F0E /* PhotoramaTests.xctest */;
			productType = "com.apple.product-type.bundle.unit-test";
		};
		30604B6F1ECC9A2D00978F0E /* PhotoramaUITests */ = {
			isa = PBXNativeTarget;
			buildConfigurationList = 30604B7F1ECC9A2D00978F0E /* Build configuration list for PBXNativeTarget "PhotoramaUITests" */;
			buildPhases = (
				30604B6C1ECC9A2D00978F0E /* Sources */,
				30604B6D1ECC9A2D00978F0E /* Frameworks */,
				30604B6E1ECC9A2D00978F0E /* Resources */,
			);
			buildRules = (
			);
			dependencies = (
				30604B721ECC9A2D00978F0E /* PBXTargetDependency */,
			);
			name = PhotoramaUITests;
			productName = PhotoramaUITests;
			productReference = 30604B701ECC9A2D00978F0E /* PhotoramaUITests.xctest */;
			productType = "com.apple.product-type.bundle.ui-testing";
		};
/* End PBXNativeTarget section */

/* Begin PBXProject section */
		30604B491ECC9A2D00978F0E /* Project object */ = {
			isa = PBXProject;
			attributes = {
				LastSwiftUpdateCheck = 0830;
				LastUpgradeCheck = 0830;
				ORGANIZATIONNAME = "Tennant Shaw";
				TargetAttributes = {
					30604B501ECC9A2D00978F0E = {
						CreatedOnToolsVersion = 8.3.2;
						ProvisioningStyle = Automatic;
					};
					30604B641ECC9A2D00978F0E = {
						CreatedOnToolsVersion = 8.3.2;
						ProvisioningStyle = Automatic;
						TestTargetID = 30604B501ECC9A2D00978F0E;
					};
					30604B6F1ECC9A2D00978F0E = {
						CreatedOnToolsVersion = 8.3.2;
						ProvisioningStyle = Automatic;
						TestTargetID = 30604B501ECC9A2D00978F0E;
					};
				};
			};
			buildConfigurationList = 30604B4C1ECC9A2D00978F0E /* Build configuration list for PBXProject "Photorama" */;
			compatibilityVersion = "Xcode 3.2";
			developmentRegion = English;
			hasScannedForEncodings = 0;
			knownRegions = (
				en,
				Base,
			);
			mainGroup = 30604B481ECC9A2D00978F0E;
			productRefGroup = 30604B521ECC9A2D00978F0E /* Products */;
			projectDirPath = "";
			projectRoot = "";
			targets = (
				30604B501ECC9A2D00978F0E /* Photorama */,
				30604B641ECC9A2D00978F0E /* PhotoramaTests */,
				30604B6F1ECC9A2D00978F0E /* PhotoramaUITests */,
			);
		};
/* End PBXProject section */

/* Begin PBXResourcesBuildPhase section */
		30604B4F1ECC9A2D00978F0E /* Resources */ = {
			isa = PBXResourcesBuildPhase;
			buildActionMask = 2147483647;
			files = (
				30604B5F1ECC9A2D00978F0E /* LaunchScreen.storyboard in Resources */,
				30604B5C1ECC9A2D00978F0E /* Assets.xcassets in Resources */,
				30604B5A1ECC9A2D00978F0E /* Main.storyboard in Resources */,
			);
			runOnlyForDeploymentPostprocessing = 0;
		};
		30604B631ECC9A2D00978F0E /* Resources */ = {
			isa = PBXResourcesBuildPhase;
			buildActionMask = 2147483647;
			files = (
			);
			runOnlyForDeploymentPostprocessing = 0;
		};
		30604B6E1ECC9A2D00978F0E /* Resources */ = {
			isa = PBXResourcesBuildPhase;
			buildActionMask = 2147483647;
			files = (
			);
			runOnlyForDeploymentPostprocessing = 0;
		};
/* End PBXResourcesBuildPhase section */

/* Begin PBXSourcesBuildPhase section */
		30604B4D1ECC9A2D00978F0E /* Sources */ = {
			isa = PBXSourcesBuildPhase;
			buildActionMask = 2147483647;
			files = (
				30604B851ECC9BF600978F0E /* FlickrAPI.swift in Sources */,
				30604B831ECC9A3F00978F0E /* PhotosViewController.swift in Sources */,
				30604B871ECCD8E600978F0E /* PhotoStore.swift in Sources */,
				30604B551ECC9A2D00978F0E /* AppDelegate.swift in Sources */,
				30604B891ECCDE2100978F0E /* Photo.swift in Sources */,
			);
			runOnlyForDeploymentPostprocessing = 0;
		};
		30604B611ECC9A2D00978F0E /* Sources */ = {
			isa = PBXSourcesBuildPhase;
			buildActionMask = 2147483647;
			files = (
				30604B6A1ECC9A2D00978F0E /* PhotoramaTests.swift in Sources */,
			);
			runOnlyForDeploymentPostprocessing = 0;
		};
		30604B6C1ECC9A2D00978F0E /* Sources */ = {
			isa = PBXSourcesBuildPhase;
			buildActionMask = 2147483647;
			files = (
				30604B751ECC9A2D00978F0E /* PhotoramaUITests.swift in Sources */,
			);
			runOnlyForDeploymentPostprocessing = 0;
		};
/* End PBXSourcesBuildPhase section */

/* Begin PBXTargetDependency section */
		30604B671ECC9A2D00978F0E /* PBXTargetDependency */ = {
			isa = PBXTargetDependency;
			target = 30604B501ECC9A2D00978F0E /* Photorama */;
			targetProxy = 30604B661ECC9A2D00978F0E /* PBXContainerItemProxy */;
		};
		30604B721ECC9A2D00978F0E /* PBXTargetDependency */ = {
			isa = PBXTargetDependency;
			target = 30604B501ECC9A2D00978F0E /* Photorama */;
			targetProxy = 30604B711ECC9A2D00978F0E /* PBXContainerItemProxy */;
		};
/* End PBXTargetDependency section */

/* Begin PBXVariantGroup section */
		30604B581ECC9A2D00978F0E /* Main.storyboard */ = {
			isa = PBXVariantGroup;
			children = (
				30604B591ECC9A2D00978F0E /* Base */,
			);
			name = Main.storyboard;
			sourceTree = "<group>";
		};
		30604B5D1ECC9A2D00978F0E /* LaunchScreen.storyboard */ = {
			isa = PBXVariantGroup;
			children = (
				30604B5E1ECC9A2D00978F0E /* Base */,
			);
			name = LaunchScreen.storyboard;
			sourceTree = "<group>";
		};
/* End PBXVariantGroup section */

/* Begin XCBuildConfiguration section */
		30604B771ECC9A2D00978F0E /* Debug */ = {
			isa = XCBuildConfiguration;
			buildSettings = {
				ALWAYS_SEARCH_USER_PATHS = NO;
				CLANG_ANALYZER_NONNULL = YES;
				CLANG_ANALYZER_NUMBER_OBJECT_CONVERSION = YES_AGGRESSIVE;
				CLANG_CXX_LANGUAGE_STANDARD = "gnu++0x";
				CLANG_CXX_LIBRARY = "libc++";
				CLANG_ENABLE_MODULES = YES;
				CLANG_ENABLE_OBJC_ARC = YES;
				CLANG_WARN_BOOL_CONVERSION = YES;
				CLANG_WARN_CONSTANT_CONVERSION = YES;
				CLANG_WARN_DIRECT_OBJC_ISA_USAGE = YES_ERROR;
				CLANG_WARN_DOCUMENTATION_COMMENTS = YES;
				CLANG_WARN_EMPTY_BODY = YES;
				CLANG_WARN_ENUM_CONVERSION = YES;
				CLANG_WARN_INFINITE_RECURSION = YES;
				CLANG_WARN_INT_CONVERSION = YES;
				CLANG_WARN_OBJC_ROOT_CLASS = YES_ERROR;
				CLANG_WARN_SUSPICIOUS_MOVE = YES;
				CLANG_WARN_UNREACHABLE_CODE = YES;
				CLANG_WARN__DUPLICATE_METHOD_MATCH = YES;
				"CODE_SIGN_IDENTITY[sdk=iphoneos*]" = "iPhone Developer";
				COPY_PHASE_STRIP = NO;
				DEBUG_INFORMATION_FORMAT = dwarf;
				ENABLE_STRICT_OBJC_MSGSEND = YES;
				ENABLE_TESTABILITY = YES;
				GCC_C_LANGUAGE_STANDARD = gnu99;
				GCC_DYNAMIC_NO_PIC = NO;
				GCC_NO_COMMON_BLOCKS = YES;
				GCC_OPTIMIZATION_LEVEL = 0;
				GCC_PREPROCESSOR_DEFINITIONS = (
					"DEBUG=1",
					"$(inherited)",
				);
				GCC_WARN_64_TO_32_BIT_CONVERSION = YES;
				GCC_WARN_ABOUT_RETURN_TYPE = YES_ERROR;
				GCC_WARN_UNDECLARED_SELECTOR = YES;
				GCC_WARN_UNINITIALIZED_AUTOS = YES_AGGRESSIVE;
				GCC_WARN_UNUSED_FUNCTION = YES;
				GCC_WARN_UNUSED_VARIABLE = YES;
				IPHONEOS_DEPLOYMENT_TARGET = 10.3;
				MTL_ENABLE_DEBUG_INFO = YES;
				ONLY_ACTIVE_ARCH = YES;
				SDKROOT = iphoneos;
				SWIFT_ACTIVE_COMPILATION_CONDITIONS = DEBUG;
				SWIFT_OPTIMIZATION_LEVEL = "-Onone";
				TARGETED_DEVICE_FAMILY = "1,2";
			};
			name = Debug;
		};
		30604B781ECC9A2D00978F0E /* Release */ = {
			isa = XCBuildConfiguration;
			buildSettings = {
				ALWAYS_SEARCH_USER_PATHS = NO;
				CLANG_ANALYZER_NONNULL = YES;
				CLANG_ANALYZER_NUMBER_OBJECT_CONVERSION = YES_AGGRESSIVE;
				CLANG_CXX_LANGUAGE_STANDARD = "gnu++0x";
				CLANG_CXX_LIBRARY = "libc++";
				CLANG_ENABLE_MODULES = YES;
				CLANG_ENABLE_OBJC_ARC = YES;
				CLANG_WARN_BOOL_CONVERSION = YES;
				CLANG_WARN_CONSTANT_CONVERSION = YES;
				CLANG_WARN_DIRECT_OBJC_ISA_USAGE = YES_ERROR;
				CLANG_WARN_DOCUMENTATION_COMMENTS = YES;
				CLANG_WARN_EMPTY_BODY = YES;
				CLANG_WARN_ENUM_CONVERSION = YES;
				CLANG_WARN_INFINITE_RECURSION = YES;
				CLANG_WARN_INT_CONVERSION = YES;
				CLANG_WARN_OBJC_ROOT_CLASS = YES_ERROR;
				CLANG_WARN_SUSPICIOUS_MOVE = YES;
				CLANG_WARN_UNREACHABLE_CODE = YES;
				CLANG_WARN__DUPLICATE_METHOD_MATCH = YES;
				"CODE_SIGN_IDENTITY[sdk=iphoneos*]" = "iPhone Developer";
				COPY_PHASE_STRIP = NO;
				DEBUG_INFORMATION_FORMAT = "dwarf-with-dsym";
				ENABLE_NS_ASSERTIONS = NO;
				ENABLE_STRICT_OBJC_MSGSEND = YES;
				GCC_C_LANGUAGE_STANDARD = gnu99;
				GCC_NO_COMMON_BLOCKS = YES;
				GCC_WARN_64_TO_32_BIT_CONVERSION = YES;
				GCC_WARN_ABOUT_RETURN_TYPE = YES_ERROR;
				GCC_WARN_UNDECLARED_SELECTOR = YES;
				GCC_WARN_UNINITIALIZED_AUTOS = YES_AGGRESSIVE;
				GCC_WARN_UNUSED_FUNCTION = YES;
				GCC_WARN_UNUSED_VARIABLE = YES;
				IPHONEOS_DEPLOYMENT_TARGET = 10.3;
				MTL_ENABLE_DEBUG_INFO = NO;
				SDKROOT = iphoneos;
				SWIFT_OPTIMIZATION_LEVEL = "-Owholemodule";
				TARGETED_DEVICE_FAMILY = "1,2";
				VALIDATE_PRODUCT = YES;
			};
			name = Release;
		};
		30604B7A1ECC9A2D00978F0E /* Debug */ = {
			isa = XCBuildConfiguration;
			buildSettings = {
				ASSETCATALOG_COMPILER_APPICON_NAME = AppIcon;
				INFOPLIST_FILE = Photorama/Info.plist;
				LD_RUNPATH_SEARCH_PATHS = "$(inherited) @executable_path/Frameworks";
				PRODUCT_BUNDLE_IDENTIFIER = com.Tennant.Shaw.Photorama;
				PRODUCT_NAME = "$(TARGET_NAME)";
				SWIFT_VERSION = 3.0;
			};
			name = Debug;
		};
		30604B7B1ECC9A2D00978F0E /* Release */ = {
			isa = XCBuildConfiguration;
			buildSettings = {
				ASSETCATALOG_COMPILER_APPICON_NAME = AppIcon;
				INFOPLIST_FILE = Photorama/Info.plist;
				LD_RUNPATH_SEARCH_PATHS = "$(inherited) @executable_path/Frameworks";
				PRODUCT_BUNDLE_IDENTIFIER = com.Tennant.Shaw.Photorama;
				PRODUCT_NAME = "$(TARGET_NAME)";
				SWIFT_VERSION = 3.0;
			};
			name = Release;
		};
		30604B7D1ECC9A2D00978F0E /* Debug */ = {
			isa = XCBuildConfiguration;
			buildSettings = {
				ALWAYS_EMBED_SWIFT_STANDARD_LIBRARIES = YES;
				BUNDLE_LOADER = "$(TEST_HOST)";
				INFOPLIST_FILE = PhotoramaTests/Info.plist;
				LD_RUNPATH_SEARCH_PATHS = "$(inherited) @executable_path/Frameworks @loader_path/Frameworks";
				PRODUCT_BUNDLE_IDENTIFIER = com.Tennant.Shaw.PhotoramaTests;
				PRODUCT_NAME = "$(TARGET_NAME)";
				SWIFT_VERSION = 3.0;
				TEST_HOST = "$(BUILT_PRODUCTS_DIR)/Photorama.app/Photorama";
			};
			name = Debug;
		};
		30604B7E1ECC9A2D00978F0E /* Release */ = {
			isa = XCBuildConfiguration;
			buildSettings = {
				ALWAYS_EMBED_SWIFT_STANDARD_LIBRARIES = YES;
				BUNDLE_LOADER = "$(TEST_HOST)";
				INFOPLIST_FILE = PhotoramaTests/Info.plist;
				LD_RUNPATH_SEARCH_PATHS = "$(inherited) @executable_path/Frameworks @loader_path/Frameworks";
				PRODUCT_BUNDLE_IDENTIFIER = com.Tennant.Shaw.PhotoramaTests;
				PRODUCT_NAME = "$(TARGET_NAME)";
				SWIFT_VERSION = 3.0;
				TEST_HOST = "$(BUILT_PRODUCTS_DIR)/Photorama.app/Photorama";
			};
			name = Release;
		};
		30604B801ECC9A2D00978F0E /* Debug */ = {
			isa = XCBuildConfiguration;
			buildSettings = {
				ALWAYS_EMBED_SWIFT_STANDARD_LIBRARIES = YES;
				INFOPLIST_FILE = PhotoramaUITests/Info.plist;
				LD_RUNPATH_SEARCH_PATHS = "$(inherited) @executable_path/Frameworks @loader_path/Frameworks";
				PRODUCT_BUNDLE_IDENTIFIER = com.Tennant.Shaw.PhotoramaUITests;
				PRODUCT_NAME = "$(TARGET_NAME)";
				SWIFT_VERSION = 3.0;
				TEST_TARGET_NAME = Photorama;
			};
			name = Debug;
		};
		30604B811ECC9A2D00978F0E /* Release */ = {
			isa = XCBuildConfiguration;
			buildSettings = {
				ALWAYS_EMBED_SWIFT_STANDARD_LIBRARIES = YES;
				INFOPLIST_FILE = PhotoramaUITests/Info.plist;
				LD_RUNPATH_SEARCH_PATHS = "$(inherited) @executable_path/Frameworks @loader_path/Frameworks";
				PRODUCT_BUNDLE_IDENTIFIER = com.Tennant.Shaw.PhotoramaUITests;
				PRODUCT_NAME = "$(TARGET_NAME)";
				SWIFT_VERSION = 3.0;
				TEST_TARGET_NAME = Photorama;
			};
			name = Release;
		};
/* End XCBuildConfiguration section */

/* Begin XCConfigurationList section */
		30604B4C1ECC9A2D00978F0E /* Build configuration list for PBXProject "Photorama" */ = {
			isa = XCConfigurationList;
			buildConfigurations = (
				30604B771ECC9A2D00978F0E /* Debug */,
				30604B781ECC9A2D00978F0E /* Release */,
			);
			defaultConfigurationIsVisible = 0;
			defaultConfigurationName = Release;
		};
		30604B791ECC9A2D00978F0E /* Build configuration list for PBXNativeTarget "Photorama" */ = {
			isa = XCConfigurationList;
			buildConfigurations = (
				30604B7A1ECC9A2D00978F0E /* Debug */,
				30604B7B1ECC9A2D00978F0E /* Release */,
			);
			defaultConfigurationIsVisible = 0;
		};
		30604B7C1ECC9A2D00978F0E /* Build configuration list for PBXNativeTarget "PhotoramaTests" */ = {
			isa = XCConfigurationList;
			buildConfigurations = (
				30604B7D1ECC9A2D00978F0E /* Debug */,
				30604B7E1ECC9A2D00978F0E /* Release */,
			);
			defaultConfigurationIsVisible = 0;
		};
		30604B7F1ECC9A2D00978F0E /* Build configuration list for PBXNativeTarget "PhotoramaUITests" */ = {
			isa = XCConfigurationList;
			buildConfigurations = (
				30604B801ECC9A2D00978F0E /* Debug */,
				30604B811ECC9A2D00978F0E /* Release */,
			);
			defaultConfigurationIsVisible = 0;
		};
/* End XCConfigurationList section */
	};
	rootObject = 30604B491ECC9A2D00978F0E /* Project object */;
}
